
Microsoft Visual Studio Solution File, Format Version 12.00
# Visual Studio Version 17
VisualStudioVersion = 17.4.33213.308
MinimumVisualStudioVersion = 10.0.40219.1
Project("{FAE04EC0-301F-11D3-BF4B-00C04F79EFBC}") = "CoraBackend", "CoraBackend\CoraBackend.csproj", "{9A601C45-7505-4FF9-854D-281F2ADBCE2D}"
EndProject
Global
	GlobalSection(SolutionConfigurationPlatforms) = preSolution
		Debug|Any CPU = Debug|Any CPU
		Release|Any CPU = Release|Any CPU
	EndGlobalSection
	GlobalSection(ProjectConfigurationPlatforms) = postSolution
		{9A601C45-7505-4FF9-854D-281F2ADBCE2D}.Debug|Any CPU.ActiveCfg = Debug|Any CPU
		{9A601C45-7505-4FF9-854D-281F2ADBCE2D}.Debug|Any CPU.Build.0 = Debug|Any CPU
		{9A601C45-7505-4FF9-854D-281F2ADBCE2D}.Release|Any CPU.ActiveCfg = Release|Any CPU
		{9A601C45-7505-4FF9-854D-281F2ADBCE2D}.Release|Any CPU.Build.0 = Release|Any CPU
	EndGlobalSection
	GlobalSection(SolutionProperties) = preSolution
		HideSolutionNode = FALSE
	EndGlobalSection
	GlobalSection(ExtensibilityGlobals) = postSolution
		SolutionGuid = {2B364BA8-BA0D-4194-A29C-33643C8FF25B}
	EndGlobalSection
EndGlobal
